// !$*UTF8*$!
{
	archiveVersion = 1;
	classes = {
	};
	objectVersion = 46;
	objects = {

/* Begin PBXBuildFile section */
		59381CF61BF42986005D0ED8 /* AppDelegate.swift in Sources */ = {isa = PBXBuildFile; fileRef = 59381CF51BF42986005D0ED8 /* AppDelegate.swift */; };
		59381CFD1BF42986005D0ED8 /* Assets.xcassets in Resources */ = {isa = PBXBuildFile; fileRef = 59381CFC1BF42986005D0ED8 /* Assets.xcassets */; };
		59381D001BF42986005D0ED8 /* LaunchScreen.storyboard in Resources */ = {isa = PBXBuildFile; fileRef = 59381CFE1BF42986005D0ED8 /* LaunchScreen.storyboard */; };
		59381D0B1BF42986005D0ED8 /* EnemaAppTests.swift in Sources */ = {isa = PBXBuildFile; fileRef = 59381D0A1BF42986005D0ED8 /* EnemaAppTests.swift */; };
		59381D161BF42986005D0ED8 /* EnemaAppUITests.swift in Sources */ = {isa = PBXBuildFile; fileRef = 59381D151BF42986005D0ED8 /* EnemaAppUITests.swift */; };
		59381D241BF42D56005D0ED8 /* Main.storyboard in Resources */ = {isa = PBXBuildFile; fileRef = 59381D231BF42D56005D0ED8 /* Main.storyboard */; };
		59381D261BF42DB7005D0ED8 /* ViewController.swift in Sources */ = {isa = PBXBuildFile; fileRef = 59381D251BF42DB7005D0ED8 /* ViewController.swift */; };
/* End PBXBuildFile section */

/* Begin PBXContainerItemProxy section */
		59381D071BF42986005D0ED8 /* PBXContainerItemProxy */ = {
			isa = PBXContainerItemProxy;
			containerPortal = 59381CEA1BF42986005D0ED8 /* Project object */;
			proxyType = 1;
			remoteGlobalIDString = 59381CF11BF42986005D0ED8;
			remoteInfo = EnemaApp;
		};
		59381D121BF42986005D0ED8 /* PBXContainerItemProxy */ = {
			isa = PBXContainerItemProxy;
			containerPortal = 59381CEA1BF42986005D0ED8 /* Project object */;
			proxyType = 1;
			remoteGlobalIDString = 59381CF11BF42986005D0ED8;
			remoteInfo = EnemaApp;
		};
/* End PBXContainerItemProxy section */

/* Begin PBXFileReference section */
		59381CF21BF42986005D0ED8 /* EnemaApp.app */ = {isa = PBXFileReference; explicitFileType = wrapper.application; includeInIndex = 0; path = EnemaApp.app; sourceTree = BUILT_PRODUCTS_DIR; };
		59381CF51BF42986005D0ED8 /* AppDelegate.swift */ = {isa = PBXFileReference; lastKnownFileType = sourcecode.swift; path = AppDelegate.swift; sourceTree = "<group>"; };
		59381CFC1BF42986005D0ED8 /* Assets.xcassets */ = {isa = PBXFileReference; lastKnownFileType = folder.assetcatalog; path = Assets.xcassets; sourceTree = "<group>"; };
		59381CFF1BF42986005D0ED8 /* Base */ = {isa = PBXFileReference; lastKnownFileType = file.storyboard; name = Base; path = Base.lproj/LaunchScreen.storyboard; sourceTree = "<group>"; };
		59381D011BF42986005D0ED8 /* Info.plist */ = {isa = PBXFileReference; lastKnownFileType = text.plist.xml; path = Info.plist; sourceTree = "<group>"; };
		59381D061BF42986005D0ED8 /* EnemaAppTests.xctest */ = {isa = PBXFileReference; explicitFileType = wrapper.cfbundle; includeInIndex = 0; path = EnemaAppTests.xctest; sourceTree = BUILT_PRODUCTS_DIR; };
		59381D0A1BF42986005D0ED8 /* EnemaAppTests.swift */ = {isa = PBXFileReference; lastKnownFileType = sourcecode.swift; path = EnemaAppTests.swift; sourceTree = "<group>"; };
		59381D0C1BF42986005D0ED8 /* Info.plist */ = {isa = PBXFileReference; lastKnownFileType = text.plist.xml; path = Info.plist; sourceTree = "<group>"; };
		59381D111BF42986005D0ED8 /* EnemaAppUITests.xctest */ = {isa = PBXFileReference; explicitFileType = wrapper.cfbundle; includeInIndex = 0; path = EnemaAppUITests.xctest; sourceTree = BUILT_PRODUCTS_DIR; };
		59381D151BF42986005D0ED8 /* EnemaAppUITests.swift */ = {isa = PBXFileReference; lastKnownFileType = sourcecode.swift; path = EnemaAppUITests.swift; sourceTree = "<group>"; };
		59381D171BF42986005D0ED8 /* Info.plist */ = {isa = PBXFileReference; lastKnownFileType = text.plist.xml; path = Info.plist; sourceTree = "<group>"; };
		59381D231BF42D56005D0ED8 /* Main.storyboard */ = {isa = PBXFileReference; fileEncoding = 4; lastKnownFileType = file.storyboard; name = Main.storyboard; path = ../Main.storyboard; sourceTree = "<group>"; };
		59381D251BF42DB7005D0ED8 /* ViewController.swift */ = {isa = PBXFileReference; fileEncoding = 4; lastKnownFileType = sourcecode.swift; path = ViewController.swift; sourceTree = "<group>"; };
/* End PBXFileReference section */

/* Begin PBXFrameworksBuildPhase section */
		59381CEF1BF42986005D0ED8 /* Frameworks */ = {
			isa = PBXFrameworksBuildPhase;
			buildActionMask = 2147483647;
			files = (
			);
			runOnlyForDeploymentPostprocessing = 0;
		};
		59381D031BF42986005D0ED8 /* Frameworks */ = {
			isa = PBXFrameworksBuildPhase;
			buildActionMask = 2147483647;
			files = (
			);
			runOnlyForDeploymentPostprocessing = 0;
		};
		59381D0E1BF42986005D0ED8 /* Frameworks */ = {
			isa = PBXFrameworksBuildPhase;
			buildActionMask = 2147483647;
			files = (
			);
			runOnlyForDeploymentPostprocessing = 0;
		};
/* End PBXFrameworksBuildPhase section */

/* Begin PBXGroup section */
		59381CE91BF42986005D0ED8 = {
			isa = PBXGroup;
			children = (
				59381CF41BF42986005D0ED8 /* EnemaApp */,
				59381D091BF42986005D0ED8 /* EnemaAppTests */,
				59381D141BF42986005D0ED8 /* EnemaAppUITests */,
				59381CF31BF42986005D0ED8 /* Products */,
			);
			sourceTree = "<group>";
		};
		59381CF31BF42986005D0ED8 /* Products */ = {
			isa = PBXGroup;
			children = (
				59381CF21BF42986005D0ED8 /* EnemaApp.app */,
				59381D061BF42986005D0ED8 /* EnemaAppTests.xctest */,
				59381D111BF42986005D0ED8 /* EnemaAppUITests.xctest */,
			);
			name = Products;
			sourceTree = "<group>";
		};
		59381CF41BF42986005D0ED8 /* EnemaApp */ = {
			isa = PBXGroup;
			children = (
				59381CF51BF42986005D0ED8 /* AppDelegate.swift */,
				59381D231BF42D56005D0ED8 /* Main.storyboard */,
				59381D251BF42DB7005D0ED8 /* ViewController.swift */,
				59381CFC1BF42986005D0ED8 /* Assets.xcassets */,
				59381CFE1BF42986005D0ED8 /* LaunchScreen.storyboard */,
				59381D011BF42986005D0ED8 /* Info.plist */,
			);
			path = EnemaApp;
			sourceTree = "<group>";
		};
		59381D091BF42986005D0ED8 /* EnemaAppTests */ = {
			isa = PBXGroup;
			children = (
				59381D0A1BF42986005D0ED8 /* EnemaAppTests.swift */,
				59381D0C1BF42986005D0ED8 /* Info.plist */,
			);
			path = EnemaAppTests;
			sourceTree = "<group>";
		};
		59381D141BF42986005D0ED8 /* EnemaAppUITests */ = {
			isa = PBXGroup;
			children = (
				59381D151BF42986005D0ED8 /* EnemaAppUITests.swift */,
				59381D171BF42986005D0ED8 /* Info.plist */,
			);
			path = EnemaAppUITests;
			sourceTree = "<group>";
		};
/* End PBXGroup section */

/* Begin PBXNativeTarget section */
		59381CF11BF42986005D0ED8 /* EnemaApp */ = {
			isa = PBXNativeTarget;
			buildConfigurationList = 59381D1A1BF42986005D0ED8 /* Build configuration list for PBXNativeTarget "EnemaApp" */;
			buildPhases = (
				59381CEE1BF42986005D0ED8 /* Sources */,
				59381CEF1BF42986005D0ED8 /* Frameworks */,
				59381CF01BF42986005D0ED8 /* Resources */,
			);
			buildRules = (
			);
			dependencies = (
			);
			name = EnemaApp;
			productName = EnemaApp;
			productReference = 59381CF21BF42986005D0ED8 /* EnemaApp.app */;
			productType = "com.apple.product-type.application";
		};
		59381D051BF42986005D0ED8 /* EnemaAppTests */ = {
			isa = PBXNativeTarget;
			buildConfigurationList = 59381D1D1BF42986005D0ED8 /* Build configuration list for PBXNativeTarget "EnemaAppTests" */;
			buildPhases = (
				59381D021BF42986005D0ED8 /* Sources */,
				59381D031BF42986005D0ED8 /* Frameworks */,
				59381D041BF42986005D0ED8 /* Resources */,
			);
			buildRules = (
			);
			dependencies = (
				59381D081BF42986005D0ED8 /* PBXTargetDependency */,
			);
			name = EnemaAppTests;
			productName = EnemaAppTests;
			productReference = 59381D061BF42986005D0ED8 /* EnemaAppTests.xctest */;
			productType = "com.apple.product-type.bundle.unit-test";
		};
		59381D101BF42986005D0ED8 /* EnemaAppUITests */ = {
			isa = PBXNativeTarget;
			buildConfigurationList = 59381D201BF42986005D0ED8 /* Build configuration list for PBXNativeTarget "EnemaAppUITests" */;
			buildPhases = (
				59381D0D1BF42986005D0ED8 /* Sources */,
				59381D0E1BF42986005D0ED8 /* Frameworks */,
				59381D0F1BF42986005D0ED8 /* Resources */,
			);
			buildRules = (
			);
			dependencies = (
				59381D131BF42986005D0ED8 /* PBXTargetDependency */,
			);
			name = EnemaAppUITests;
			productName = EnemaAppUITests;
			productReference = 59381D111BF42986005D0ED8 /* EnemaAppUITests.xctest */;
			productType = "com.apple.product-type.bundle.ui-testing";
		};
/* End PBXNativeTarget section */

/* Begin PBXProject section */
		59381CEA1BF42986005D0ED8 /* Project object */ = {
			isa = PBXProject;
			attributes = {
				LastSwiftUpdateCheck = 0710;
				LastUpgradeCheck = 0710;
				ORGANIZATIONNAME = "Team 2";
				TargetAttributes = {
					59381CF11BF42986005D0ED8 = {
						CreatedOnToolsVersion = 7.1;
					};
					59381D051BF42986005D0ED8 = {
						CreatedOnToolsVersion = 7.1;
						TestTargetID = 59381CF11BF42986005D0ED8;
					};
					59381D101BF42986005D0ED8 = {
						CreatedOnToolsVersion = 7.1;
						TestTargetID = 59381CF11BF42986005D0ED8;
					};
				};
			};
			buildConfigurationList = 59381CED1BF42986005D0ED8 /* Build configuration list for PBXProject "EnemaApp" */;
			compatibilityVersion = "Xcode 3.2";
			developmentRegion = English;
			hasScannedForEncodings = 0;
			knownRegions = (
				en,
				Base,
			);
			mainGroup = 59381CE91BF42986005D0ED8;
			productRefGroup = 59381CF31BF42986005D0ED8 /* Products */;
			projectDirPath = "";
			projectRoot = "";
			targets = (
				59381CF11BF42986005D0ED8 /* EnemaApp */,
				59381D051BF42986005D0ED8 /* EnemaAppTests */,
				59381D101BF42986005D0ED8 /* EnemaAppUITests */,
			);
		};
/* End PBXProject section */

/* Begin PBXResourcesBuildPhase section */
		59381CF01BF42986005D0ED8 /* Resources */ = {
			isa = PBXResourcesBuildPhase;
			buildActionMask = 2147483647;
			files = (
				59381D241BF42D56005D0ED8 /* Main.storyboard in Resources */,
				59381D001BF42986005D0ED8 /* LaunchScreen.storyboard in Resources */,
				59381CFD1BF42986005D0ED8 /* Assets.xcassets in Resources */,
			);
			runOnlyForDeploymentPostprocessing = 0;
		};
		59381D041BF42986005D0ED8 /* Resources */ = {
			isa = PBXResourcesBuildPhase;
			buildActionMask = 2147483647;
			files = (
			);
			runOnlyForDeploymentPostprocessing = 0;
		};
		59381D0F1BF42986005D0ED8 /* Resources */ = {
			isa = PBXResourcesBuildPhase;
			buildActionMask = 2147483647;
			files = (
			);
			runOnlyForDeploymentPostprocessing = 0;
		};
/* End PBXResourcesBuildPhase section */

/* Begin PBXSourcesBuildPhase section */
		59381CEE1BF42986005D0ED8 /* Sources */ = {
			isa = PBXSourcesBuildPhase;
			buildActionMask = 2147483647;
			files = (
				59381D261BF42DB7005D0ED8 /* ViewController.swift in Sources */,
				59381CF61BF42986005D0ED8 /* AppDelegate.swift in Sources */,
			);
			runOnlyForDeploymentPostprocessing = 0;
		};
		59381D021BF42986005D0ED8 /* Sources */ = {
			isa = PBXSourcesBuildPhase;
			buildActionMask = 2147483647;
			files = (
				59381D0B1BF42986005D0ED8 /* EnemaAppTests.swift in Sources */,
			);
			runOnlyForDeploymentPostprocessing = 0;
		};
		59381D0D1BF42986005D0ED8 /* Sources */ = {
			isa = PBXSourcesBuildPhase;
			buildActionMask = 2147483647;
			files = (
				59381D161BF42986005D0ED8 /* EnemaAppUITests.swift in Sources */,
			);
			runOnlyForDeploymentPostprocessing = 0;
		};
/* End PBXSourcesBuildPhase section */

/* Begin PBXTargetDependency section */
		59381D081BF42986005D0ED8 /* PBXTargetDependency */ = {
			isa = PBXTargetDependency;
			target = 59381CF11BF42986005D0ED8 /* EnemaApp */;
			targetProxy = 59381D071BF42986005D0ED8 /* PBXContainerItemProxy */;
		};
		59381D131BF42986005D0ED8 /* PBXTargetDependency */ = {
			isa = PBXTargetDependency;
			target = 59381CF11BF42986005D0ED8 /* EnemaApp */;
			targetProxy = 59381D121BF42986005D0ED8 /* PBXContainerItemProxy */;
		};
/* End PBXTargetDependency section */

/* Begin PBXVariantGroup section */
		59381CFE1BF42986005D0ED8 /* LaunchScreen.storyboard */ = {
			isa = PBXVariantGroup;
			children = (
				59381CFF1BF42986005D0ED8 /* Base */,
			);
			name = LaunchScreen.storyboard;
			sourceTree = "<group>";
		};
/* End PBXVariantGroup section */

/* Begin XCBuildConfiguration section */
		59381D181BF42986005D0ED8 /* Debug */ = {
			isa = XCBuildConfiguration;
			buildSettings = {
				ALWAYS_SEARCH_USER_PATHS = NO;
				CLANG_CXX_LANGUAGE_STANDARD = "gnu++0x";
				CLANG_CXX_LIBRARY = "libc++";
				CLANG_ENABLE_MODULES = YES;
				CLANG_ENABLE_OBJC_ARC = YES;
				CLANG_WARN_BOOL_CONVERSION = YES;
				CLANG_WARN_CONSTANT_CONVERSION = YES;
				CLANG_WARN_DIRECT_OBJC_ISA_USAGE = YES_ERROR;
				CLANG_WARN_EMPTY_BODY = YES;
				CLANG_WARN_ENUM_CONVERSION = YES;
				CLANG_WARN_INT_CONVERSION = YES;
				CLANG_WARN_OBJC_ROOT_CLASS = YES_ERROR;
				CLANG_WARN_UNREACHABLE_CODE = YES;
				CLANG_WARN__DUPLICATE_METHOD_MATCH = YES;
				"CODE_SIGN_IDENTITY[sdk=iphoneos*]" = "iPhone Developer";
				COPY_PHASE_STRIP = NO;
				DEBUG_INFORMATION_FORMAT = dwarf;
				ENABLE_STRICT_OBJC_MSGSEND = YES;
				ENABLE_TESTABILITY = YES;
				GCC_C_LANGUAGE_STANDARD = gnu99;
				GCC_DYNAMIC_NO_PIC = NO;
				GCC_NO_COMMON_BLOCKS = YES;
				GCC_OPTIMIZATION_LEVEL = 0;
				GCC_PREPROCESSOR_DEFINITIONS = (
					"DEBUG=1",
					"$(inherited)",
				);
				GCC_WARN_64_TO_32_BIT_CONVERSION = YES;
				GCC_WARN_ABOUT_RETURN_TYPE = YES_ERROR;
				GCC_WARN_UNDECLARED_SELECTOR = YES;
				GCC_WARN_UNINITIALIZED_AUTOS = YES_AGGRESSIVE;
				GCC_WARN_UNUSED_FUNCTION = YES;
				GCC_WARN_UNUSED_VARIABLE = YES;
				IPHONEOS_DEPLOYMENT_TARGET = 9.1;
				MTL_ENABLE_DEBUG_INFO = YES;
				ONLY_ACTIVE_ARCH = YES;
				SDKROOT = iphoneos;
				SWIFT_OPTIMIZATION_LEVEL = "-Onone";
				TARGETED_DEVICE_FAMILY = "1,2";
			};
			name = Debug;
		};
		59381D191BF42986005D0ED8 /* Release */ = {
			isa = XCBuildConfiguration;
			buildSettings = {
				ALWAYS_SEARCH_USER_PATHS = NO;
				CLANG_CXX_LANGUAGE_STANDARD = "gnu++0x";
				CLANG_CXX_LIBRARY = "libc++";
				CLANG_ENABLE_MODULES = YES;
				CLANG_ENABLE_OBJC_ARC = YES;
				CLANG_WARN_BOOL_CONVERSION = YES;
				CLANG_WARN_CONSTANT_CONVERSION = YES;
				CLANG_WARN_DIRECT_OBJC_ISA_USAGE = YES_ERROR;
				CLANG_WARN_EMPTY_BODY = YES;
				CLANG_WARN_ENUM_CONVERSION = YES;
				CLANG_WARN_INT_CONVERSION = YES;
				CLANG_WARN_OBJC_ROOT_CLASS = YES_ERROR;
				CLANG_WARN_UNREACHABLE_CODE = YES;
				CLANG_WARN__DUPLICATE_METHOD_MATCH = YES;
				"CODE_SIGN_IDENTITY[sdk=iphoneos*]" = "iPhone Developer";
				COPY_PHASE_STRIP = NO;
				DEBUG_INFORMATION_FORMAT = "dwarf-with-dsym";
				ENABLE_NS_ASSERTIONS = NO;
				ENABLE_STRICT_OBJC_MSGSEND = YES;
				GCC_C_LANGUAGE_STANDARD = gnu99;
				GCC_NO_COMMON_BLOCKS = YES;
				GCC_WARN_64_TO_32_BIT_CONVERSION = YES;
				GCC_WARN_ABOUT_RETURN_TYPE = YES_ERROR;
				GCC_WARN_UNDECLARED_SELECTOR = YES;
				GCC_WARN_UNINITIALIZED_AUTOS = YES_AGGRESSIVE;
				GCC_WARN_UNUSED_FUNCTION = YES;
				GCC_WARN_UNUSED_VARIABLE = YES;
				IPHONEOS_DEPLOYMENT_TARGET = 9.1;
				MTL_ENABLE_DEBUG_INFO = NO;
				SDKROOT = iphoneos;
				TARGETED_DEVICE_FAMILY = "1,2";
				VALIDATE_PRODUCT = YES;
			};
			name = Release;
		};
		59381D1B1BF42986005D0ED8 /* Debug */ = {
			isa = XCBuildConfiguration;
			buildSettings = {
				ASSETCATALOG_COMPILER_APPICON_NAME = AppIcon;
				INFOPLIST_FILE = EnemaApp/Info.plist;
				LD_RUNPATH_SEARCH_PATHS = "$(inherited) @executable_path/Frameworks";
				PRODUCT_BUNDLE_IDENTIFIER = edu.ccbcmd.EnemaApp;
				PRODUCT_NAME = "$(TARGET_NAME)";
			};
			name = Debug;
		};
		59381D1C1BF42986005D0ED8 /* Release */ = {
			isa = XCBuildConfiguration;
			buildSettings = {
				ASSETCATALOG_COMPILER_APPICON_NAME = AppIcon;
				INFOPLIST_FILE = EnemaApp/Info.plist;
				LD_RUNPATH_SEARCH_PATHS = "$(inherited) @executable_path/Frameworks";
				PRODUCT_BUNDLE_IDENTIFIER = edu.ccbcmd.EnemaApp;
				PRODUCT_NAME = "$(TARGET_NAME)";
			};
			name = Release;
		};
		59381D1E1BF42986005D0ED8 /* Debug */ = {
			isa = XCBuildConfiguration;
			buildSettings = {
				BUNDLE_LOADER = "$(TEST_HOST)";
				INFOPLIST_FILE = EnemaAppTests/Info.plist;
				LD_RUNPATH_SEARCH_PATHS = "$(inherited) @executable_path/Frameworks @loader_path/Frameworks";
				PRODUCT_BUNDLE_IDENTIFIER = edu.ccbcmd.EnemaAppTests;
				PRODUCT_NAME = "$(TARGET_NAME)";
				TEST_HOST = "$(BUILT_PRODUCTS_DIR)/EnemaApp.app/EnemaApp";
			};
			name = Debug;
		};
		59381D1F1BF42986005D0ED8 /* Release */ = {
			isa = XCBuildConfiguration;
			buildSettings = {
				BUNDLE_LOADER = "$(TEST_HOST)";
				INFOPLIST_FILE = EnemaAppTests/Info.plist;
				LD_RUNPATH_SEARCH_PATHS = "$(inherited) @executable_path/Frameworks @loader_path/Frameworks";
				PRODUCT_BUNDLE_IDENTIFIER = edu.ccbcmd.EnemaAppTests;
				PRODUCT_NAME = "$(TARGET_NAME)";
				TEST_HOST = "$(BUILT_PRODUCTS_DIR)/EnemaApp.app/EnemaApp";
			};
			name = Release;
		};
		59381D211BF42986005D0ED8 /* Debug */ = {
			isa = XCBuildConfiguration;
			buildSettings = {
				INFOPLIST_FILE = EnemaAppUITests/Info.plist;
				LD_RUNPATH_SEARCH_PATHS = "$(inherited) @executable_path/Frameworks @loader_path/Frameworks";
				PRODUCT_BUNDLE_IDENTIFIER = edu.ccbcmd.EnemaAppUITests;
				PRODUCT_NAME = "$(TARGET_NAME)";
				TEST_TARGET_NAME = EnemaApp;
				USES_XCTRUNNER = YES;
			};
			name = Debug;
		};
		59381D221BF42986005D0ED8 /* Release */ = {
			isa = XCBuildConfiguration;
			buildSettings = {
				INFOPLIST_FILE = EnemaAppUITests/Info.plist;
				LD_RUNPATH_SEARCH_PATHS = "$(inherited) @executable_path/Frameworks @loader_path/Frameworks";
				PRODUCT_BUNDLE_IDENTIFIER = edu.ccbcmd.EnemaAppUITests;
				PRODUCT_NAME = "$(TARGET_NAME)";
				TEST_TARGET_NAME = EnemaApp;
				USES_XCTRUNNER = YES;
			};
			name = Release;
		};
/* End XCBuildConfiguration section */

/* Begin XCConfigurationList section */
		59381CED1BF42986005D0ED8 /* Build configuration list for PBXProject "EnemaApp" */ = {
			isa = XCConfigurationList;
			buildConfigurations = (
				59381D181BF42986005D0ED8 /* Debug */,
				59381D191BF42986005D0ED8 /* Release */,
			);
			defaultConfigurationIsVisible = 0;
			defaultConfigurationName = Release;
		};
		59381D1A1BF42986005D0ED8 /* Build configuration list for PBXNativeTarget "EnemaApp" */ = {
			isa = XCConfigurationList;
			buildConfigurations = (
				59381D1B1BF42986005D0ED8 /* Debug */,
				59381D1C1BF42986005D0ED8 /* Release */,
			);
			defaultConfigurationIsVisible = 0;
		};
		59381D1D1BF42986005D0ED8 /* Build configuration list for PBXNativeTarget "EnemaAppTests" */ = {
			isa = XCConfigurationList;
			buildConfigurations = (
				59381D1E1BF42986005D0ED8 /* Debug */,
				59381D1F1BF42986005D0ED8 /* Release */,
			);
			defaultConfigurationIsVisible = 0;
		};
		59381D201BF42986005D0ED8 /* Build configuration list for PBXNativeTarget "EnemaAppUITests" */ = {
			isa = XCConfigurationList;
			buildConfigurations = (
				59381D211BF42986005D0ED8 /* Debug */,
				59381D221BF42986005D0ED8 /* Release */,
			);
			defaultConfigurationIsVisible = 0;
		};
/* End XCConfigurationList section */
	};
	rootObject = 59381CEA1BF42986005D0ED8 /* Project object */;
}
